PODS:
  - Firebase/Core (4.11.0):
    - FirebaseAnalytics (= 4.1.0)
    - FirebaseCore (= 4.0.18)
  - FirebaseAnalytics (4.1.0):
    - FirebaseCore (~> 4.0)
    - FirebaseInstanceID (~> 2.0)
    - "GoogleToolboxForMac/NSData+zlib (~> 2.1)"
    - nanopb (~> 0.3)
  - FirebaseAuth (4.5.0):
    - FirebaseAnalytics (~> 4.1)
    - "GoogleToolboxForMac/NSDictionary+URLArguments (~> 2.1)"
    - GTMSessionFetcher/Core (~> 1.1)
  - FirebaseCore (4.0.18):
    - "GoogleToolboxForMac/NSData+zlib (~> 2.1)"
  - FirebaseDatabase (4.1.5):
    - FirebaseAnalytics (~> 4.1)
    - FirebaseCore (~> 4.0)
    - leveldb-library (~> 1.18)
  - FirebaseInstanceID (2.0.10):
    - FirebaseCore (~> 4.0)
  - FirebaseStorage (2.1.3):
    - FirebaseAnalytics (~> 4.1)
    - FirebaseCore (~> 4.0)
    - GTMSessionFetcher/Core (~> 1.1)
  - GoogleMaps (2.7.0):
    - GoogleMaps/Maps (= 2.7.0)
  - GoogleMaps/Base (2.7.0)
  - GoogleMaps/Maps (2.7.0):
    - GoogleMaps/Base
  - GooglePlaces (2.7.0):
    - GoogleMaps/Base (= 2.7.0)
  - GoogleToolboxForMac/DebugUtils (2.1.3):
    - GoogleToolboxForMac/Defines (= 2.1.3)
  - GoogleToolboxForMac/Defines (2.1.3)
  - "GoogleToolboxForMac/NSData+zlib (2.1.3)":
    - GoogleToolboxForMac/Defines (= 2.1.3)
  - "GoogleToolboxForMac/NSDictionary+URLArguments (2.1.3)":
    - GoogleToolboxForMac/DebugUtils (= 2.1.3)
    - GoogleToolboxForMac/Defines (= 2.1.3)
    - "GoogleToolboxForMac/NSString+URLArguments (= 2.1.3)"
  - "GoogleToolboxForMac/NSString+URLArguments (2.1.3)"
  - GTMSessionFetcher/Core (1.1.15)
  - leveldb-library (1.20)
  - lottie-ios (2.5.0)
  - MBProgressHUD (1.1.0)
  - nanopb (0.3.8):
    - nanopb/decode (= 0.3.8)
    - nanopb/encode (= 0.3.8)
  - nanopb/decode (0.3.8)
  - nanopb/encode (0.3.8)
  - SDWebImage (4.3.3):
    - SDWebImage/Core (= 4.3.3)
  - SDWebImage/Core (4.3.3)

DEPENDENCIES:
  - Firebase/Core
  - FirebaseAuth
  - FirebaseDatabase
  - FirebaseStorage
  - GoogleMaps
  - GooglePlaces
  - lottie-ios
  - MBProgressHUD
  - SDWebImage

SPEC REPOS:
  https://github.com/cocoapods/specs.git:
    - Firebase
    - FirebaseAnalytics
    - FirebaseAuth
    - FirebaseCore
    - FirebaseDatabase
    - FirebaseInstanceID
    - FirebaseStorage
    - GoogleMaps
    - GooglePlaces
    - GoogleToolboxForMac
    - GTMSessionFetcher
    - leveldb-library
    - lottie-ios
    - MBProgressHUD
    - nanopb
    - SDWebImage

SPEC CHECKSUMS:
  Firebase: cc13dfab1038c8b45d7903e01fc690451d6d0b24
  FirebaseAnalytics: 3dfae28d4a5e06f86c4fae830efc2ad3fadb19bc
  FirebaseAuth: 147bf340a0706b44ca1753d6b41ebafd9687cfe6
  FirebaseCore: b981f47e5254cbcfdeb483355300d743f6fcab2c
  FirebaseDatabase: 5f0bc6134c5c237cf55f9e1249d406770a75eafd
  FirebaseInstanceID: 8d20d890d65c917f9f7d9950b6e10a760ad34321
  FirebaseStorage: 9a863a2bb96c406958eeff7c2f1dfa9f44c44a13
  GoogleMaps: f79af95cb24d869457b1f961c93d3ce8b2f3b848
  GooglePlaces: 3d06e6c99654545b4738ce49648745779c25f2ef
  GoogleToolboxForMac: 2501e2ad72a52eb3dfe7bd9aee7dad11b858bd20
  GTMSessionFetcher: 5fa5b80fd20e439ef5f545fb2cb3ca6c6714caa2
  leveldb-library: 08cba283675b7ed2d99629a4bc5fd052cd2bb6a5
  lottie-ios: d699fdee68d7b63e721d949388b015fef1aaa4ac
  MBProgressHUD: e7baa36a220447d8aeb12769bf0585582f3866d9
  nanopb: 5601e6bca2dbf1ed831b519092ec110f66982ca3
  SDWebImage: de4d90b5bff3571eae7bd16202b1f43135409fa5

PODFILE CHECKSUM: 1f6d835c1380cd7a57968860c18a503b70779865

COCOAPODS: 1.5.3
