// !$*UTF8*$!
{
	archiveVersion = 1;
	classes = {
	};
	objectVersion = 50;
	objects = {

/* Begin PBXBuildFile section */
		1F0774238D2AA658E23958E9 /* Pods_OfftheGrid.framework in Frameworks */ = {isa = PBXBuildFile; fileRef = 6271A05030827CDD5ECE1542 /* Pods_OfftheGrid.framework */; };
		B0018193208734EA0068C996 /* AppDelegate.swift in Sources */ = {isa = PBXBuildFile; fileRef = B0018192208734EA0068C996 /* AppDelegate.swift */; };
		B0018195208734EA0068C996 /* ViewController.swift in Sources */ = {isa = PBXBuildFile; fileRef = B0018194208734EA0068C996 /* ViewController.swift */; };
		B0018198208734EA0068C996 /* Main.storyboard in Resources */ = {isa = PBXBuildFile; fileRef = B0018196208734EA0068C996 /* Main.storyboard */; };
		B001819B208734EA0068C996 /* OfftheGrid.xcdatamodeld in Sources */ = {isa = PBXBuildFile; fileRef = B0018199208734EA0068C996 /* OfftheGrid.xcdatamodeld */; };
		B001819D208734EC0068C996 /* Assets.xcassets in Resources */ = {isa = PBXBuildFile; fileRef = B001819C208734EC0068C996 /* Assets.xcassets */; };
		B00181A0208734EC0068C996 /* LaunchScreen.storyboard in Resources */ = {isa = PBXBuildFile; fileRef = B001819E208734EC0068C996 /* LaunchScreen.storyboard */; };
		B00181AB208734EC0068C996 /* OfftheGridTests.swift in Sources */ = {isa = PBXBuildFile; fileRef = B00181AA208734EC0068C996 /* OfftheGridTests.swift */; };
		B00181B6208734ED0068C996 /* OfftheGridUITests.swift in Sources */ = {isa = PBXBuildFile; fileRef = B00181B5208734ED0068C996 /* OfftheGridUITests.swift */; };
		B00181C4208735330068C996 /* GoogleService-Info.plist in Resources */ = {isa = PBXBuildFile; fileRef = B00181C3208735320068C996 /* GoogleService-Info.plist */; };
		B00181C820873A510068C996 /* SignupViewController.swift in Sources */ = {isa = PBXBuildFile; fileRef = B00181C720873A510068C996 /* SignupViewController.swift */; };
		B00440722099A7E0006416FB /* NewPostController.swift in Sources */ = {isa = PBXBuildFile; fileRef = B00440712099A7E0006416FB /* NewPostController.swift */; };
		B00440742099C84D006416FB /* SearchViewController.swift in Sources */ = {isa = PBXBuildFile; fileRef = B00440732099C84D006416FB /* SearchViewController.swift */; };
		B0044076209A121A006416FB /* PlaceData.swift in Sources */ = {isa = PBXBuildFile; fileRef = B0044075209A121A006416FB /* PlaceData.swift */; };
		B0044078209A2F9C006416FB /* style.json in Resources */ = {isa = PBXBuildFile; fileRef = B0044077209A2F9C006416FB /* style.json */; };
		B0842702208D88060089A65C /* LoginViewController.swift in Sources */ = {isa = PBXBuildFile; fileRef = B0842701208D88060089A65C /* LoginViewController.swift */; };
		B086298B2099123B0047D6E2 /* Post.swift in Sources */ = {isa = PBXBuildFile; fileRef = B086298A2099123B0047D6E2 /* Post.swift */; };
		B086298D20991D430047D6E2 /* MapPin.swift in Sources */ = {isa = PBXBuildFile; fileRef = B086298C20991D430047D6E2 /* MapPin.swift */; };
		B086298F209925570047D6E2 /* MapViewController.swift in Sources */ = {isa = PBXBuildFile; fileRef = B086298E209925570047D6E2 /* MapViewController.swift */; };
		B086299120995A5D0047D6E2 /* CurrentUser.swift in Sources */ = {isa = PBXBuildFile; fileRef = B086299020995A5D0047D6E2 /* CurrentUser.swift */; };
		B08629932099A54A0047D6E2 /* PostFeed.swift in Sources */ = {isa = PBXBuildFile; fileRef = B08629922099A54A0047D6E2 /* PostFeed.swift */; };
		B0CC112AC959DF780030346D /* Pods_OfftheGridUITests.framework in Frameworks */ = {isa = PBXBuildFile; fileRef = 45632C8F7117505E31309E89 /* Pods_OfftheGridUITests.framework */; };
		B846DDD98C0DEA2E003549A9 /* Pods_OfftheGridTests.framework in Frameworks */ = {isa = PBXBuildFile; fileRef = 4E057B173C93B538D8906497 /* Pods_OfftheGridTests.framework */; };
/* End PBXBuildFile section */

/* Begin PBXContainerItemProxy section */
		B00181A7208734EC0068C996 /* PBXContainerItemProxy */ = {
			isa = PBXContainerItemProxy;
			containerPortal = B0018187208734EA0068C996 /* Project object */;
			proxyType = 1;
			remoteGlobalIDString = B001818E208734EA0068C996;
			remoteInfo = OfftheGrid;
		};
		B00181B2208734ED0068C996 /* PBXContainerItemProxy */ = {
			isa = PBXContainerItemProxy;
			containerPortal = B0018187208734EA0068C996 /* Project object */;
			proxyType = 1;
			remoteGlobalIDString = B001818E208734EA0068C996;
			remoteInfo = OfftheGrid;
		};
/* End PBXContainerItemProxy section */

/* Begin PBXFileReference section */
		2BE063EA8ABA8D9318AA3FF4 /* Pods-OfftheGrid.release.xcconfig */ = {isa = PBXFileReference; includeInIndex = 1; lastKnownFileType = text.xcconfig; name = "Pods-OfftheGrid.release.xcconfig"; path = "Pods/Target Support Files/Pods-OfftheGrid/Pods-OfftheGrid.release.xcconfig"; sourceTree = "<group>"; };
		3E0CC2B55A8F98C626C62C85 /* Pods-OfftheGridUITests.release.xcconfig */ = {isa = PBXFileReference; includeInIndex = 1; lastKnownFileType = text.xcconfig; name = "Pods-OfftheGridUITests.release.xcconfig"; path = "Pods/Target Support Files/Pods-OfftheGridUITests/Pods-OfftheGridUITests.release.xcconfig"; sourceTree = "<group>"; };
		45632C8F7117505E31309E89 /* Pods_OfftheGridUITests.framework */ = {isa = PBXFileReference; explicitFileType = wrapper.framework; includeInIndex = 0; path = Pods_OfftheGridUITests.framework; sourceTree = BUILT_PRODUCTS_DIR; };
		4E057B173C93B538D8906497 /* Pods_OfftheGridTests.framework */ = {isa = PBXFileReference; explicitFileType = wrapper.framework; includeInIndex = 0; path = Pods_OfftheGridTests.framework; sourceTree = BUILT_PRODUCTS_DIR; };
		548A9CBC8CFDBB37854F78AC /* Pods-OfftheGrid.debug.xcconfig */ = {isa = PBXFileReference; includeInIndex = 1; lastKnownFileType = text.xcconfig; name = "Pods-OfftheGrid.debug.xcconfig"; path = "Pods/Target Support Files/Pods-OfftheGrid/Pods-OfftheGrid.debug.xcconfig"; sourceTree = "<group>"; };
		5FB3F6CAD799D8EA4BE79C2A /* Pods-OfftheGridTests.release.xcconfig */ = {isa = PBXFileReference; includeInIndex = 1; lastKnownFileType = text.xcconfig; name = "Pods-OfftheGridTests.release.xcconfig"; path = "Pods/Target Support Files/Pods-OfftheGridTests/Pods-OfftheGridTests.release.xcconfig"; sourceTree = "<group>"; };
		6271A05030827CDD5ECE1542 /* Pods_OfftheGrid.framework */ = {isa = PBXFileReference; explicitFileType = wrapper.framework; includeInIndex = 0; path = Pods_OfftheGrid.framework; sourceTree = BUILT_PRODUCTS_DIR; };
		63924CF327B0AD7BCC5333E3 /* Pods-OfftheGridUITests.debug.xcconfig */ = {isa = PBXFileReference; includeInIndex = 1; lastKnownFileType = text.xcconfig; name = "Pods-OfftheGridUITests.debug.xcconfig"; path = "Pods/Target Support Files/Pods-OfftheGridUITests/Pods-OfftheGridUITests.debug.xcconfig"; sourceTree = "<group>"; };
		8CE9553DE21A04C8525A9CD5 /* Pods-OfftheGridTests.debug.xcconfig */ = {isa = PBXFileReference; includeInIndex = 1; lastKnownFileType = text.xcconfig; name = "Pods-OfftheGridTests.debug.xcconfig"; path = "Pods/Target Support Files/Pods-OfftheGridTests/Pods-OfftheGridTests.debug.xcconfig"; sourceTree = "<group>"; };
		B001818F208734EA0068C996 /* OfftheGrid.app */ = {isa = PBXFileReference; explicitFileType = wrapper.application; includeInIndex = 0; path = OfftheGrid.app; sourceTree = BUILT_PRODUCTS_DIR; };
		B0018192208734EA0068C996 /* AppDelegate.swift */ = {isa = PBXFileReference; lastKnownFileType = sourcecode.swift; path = AppDelegate.swift; sourceTree = "<group>"; };
		B0018194208734EA0068C996 /* ViewController.swift */ = {isa = PBXFileReference; lastKnownFileType = sourcecode.swift; path = ViewController.swift; sourceTree = "<group>"; };
		B0018197208734EA0068C996 /* Base */ = {isa = PBXFileReference; lastKnownFileType = file.storyboard; name = Base; path = Base.lproj/Main.storyboard; sourceTree = "<group>"; };
		B001819A208734EA0068C996 /* OfftheGrid.xcdatamodel */ = {isa = PBXFileReference; lastKnownFileType = wrapper.xcdatamodel; path = OfftheGrid.xcdatamodel; sourceTree = "<group>"; };
		B001819C208734EC0068C996 /* Assets.xcassets */ = {isa = PBXFileReference; lastKnownFileType = folder.assetcatalog; path = Assets.xcassets; sourceTree = "<group>"; };
		B001819F208734EC0068C996 /* Base */ = {isa = PBXFileReference; lastKnownFileType = file.storyboard; name = Base; path = Base.lproj/LaunchScreen.storyboard; sourceTree = "<group>"; };
		B00181A1208734EC0068C996 /* Info.plist */ = {isa = PBXFileReference; lastKnownFileType = text.plist.xml; path = Info.plist; sourceTree = "<group>"; };
		B00181A6208734EC0068C996 /* OfftheGridTests.xctest */ = {isa = PBXFileReference; explicitFileType = wrapper.cfbundle; includeInIndex = 0; path = OfftheGridTests.xctest; sourceTree = BUILT_PRODUCTS_DIR; };
		B00181AA208734EC0068C996 /* OfftheGridTests.swift */ = {isa = PBXFileReference; lastKnownFileType = sourcecode.swift; path = OfftheGridTests.swift; sourceTree = "<group>"; };
		B00181AC208734EC0068C996 /* Info.plist */ = {isa = PBXFileReference; lastKnownFileType = text.plist.xml; path = Info.plist; sourceTree = "<group>"; };
		B00181B1208734ED0068C996 /* OfftheGridUITests.xctest */ = {isa = PBXFileReference; explicitFileType = wrapper.cfbundle; includeInIndex = 0; path = OfftheGridUITests.xctest; sourceTree = BUILT_PRODUCTS_DIR; };
		B00181B5208734ED0068C996 /* OfftheGridUITests.swift */ = {isa = PBXFileReference; lastKnownFileType = sourcecode.swift; path = OfftheGridUITests.swift; sourceTree = "<group>"; };
		B00181B7208734ED0068C996 /* Info.plist */ = {isa = PBXFileReference; lastKnownFileType = text.plist.xml; path = Info.plist; sourceTree = "<group>"; };
		B00181C3208735320068C996 /* GoogleService-Info.plist */ = {isa = PBXFileReference; fileEncoding = 4; lastKnownFileType = text.plist.xml; name = "GoogleService-Info.plist"; path = "../../../../Downloads/GoogleService-Info.plist"; sourceTree = "<group>"; };
		B00181C720873A510068C996 /* SignupViewController.swift */ = {isa = PBXFileReference; lastKnownFileType = sourcecode.swift; path = SignupViewController.swift; sourceTree = "<group>"; };
		B00440712099A7E0006416FB /* NewPostController.swift */ = {isa = PBXFileReference; lastKnownFileType = sourcecode.swift; path = NewPostController.swift; sourceTree = "<group>"; };
		B00440732099C84D006416FB /* SearchViewController.swift */ = {isa = PBXFileReference; lastKnownFileType = sourcecode.swift; path = SearchViewController.swift; sourceTree = "<group>"; };
		B0044075209A121A006416FB /* PlaceData.swift */ = {isa = PBXFileReference; lastKnownFileType = sourcecode.swift; path = PlaceData.swift; sourceTree = "<group>"; };
		B0044077209A2F9C006416FB /* style.json */ = {isa = PBXFileReference; lastKnownFileType = text.json; path = style.json; sourceTree = "<group>"; };
		B0842701208D88060089A65C /* LoginViewController.swift */ = {isa = PBXFileReference; lastKnownFileType = sourcecode.swift; path = LoginViewController.swift; sourceTree = "<group>"; };
		B086298A2099123B0047D6E2 /* Post.swift */ = {isa = PBXFileReference; lastKnownFileType = sourcecode.swift; path = Post.swift; sourceTree = "<group>"; };
		B086298C20991D430047D6E2 /* MapPin.swift */ = {isa = PBXFileReference; lastKnownFileType = sourcecode.swift; path = MapPin.swift; sourceTree = "<group>"; };
		B086298E209925570047D6E2 /* MapViewController.swift */ = {isa = PBXFileReference; lastKnownFileType = sourcecode.swift; path = MapViewController.swift; sourceTree = "<group>"; };
		B086299020995A5D0047D6E2 /* CurrentUser.swift */ = {isa = PBXFileReference; lastKnownFileType = sourcecode.swift; path = CurrentUser.swift; sourceTree = "<group>"; };
		B08629922099A54A0047D6E2 /* PostFeed.swift */ = {isa = PBXFileReference; lastKnownFileType = sourcecode.swift; path = PostFeed.swift; sourceTree = "<group>"; };
/* End PBXFileReference section */

/* Begin PBXFrameworksBuildPhase section */
		B001818C208734EA0068C996 /* Frameworks */ = {
			isa = PBXFrameworksBuildPhase;
			buildActionMask = 2147483647;
			files = (
				1F0774238D2AA658E23958E9 /* Pods_OfftheGrid.framework in Frameworks */,
			);
			runOnlyForDeploymentPostprocessing = 0;
		};
		B00181A3208734EC0068C996 /* Frameworks */ = {
			isa = PBXFrameworksBuildPhase;
			buildActionMask = 2147483647;
			files = (
				B846DDD98C0DEA2E003549A9 /* Pods_OfftheGridTests.framework in Frameworks */,
			);
			runOnlyForDeploymentPostprocessing = 0;
		};
		B00181AE208734ED0068C996 /* Frameworks */ = {
			isa = PBXFrameworksBuildPhase;
			buildActionMask = 2147483647;
			files = (
				B0CC112AC959DF780030346D /* Pods_OfftheGridUITests.framework in Frameworks */,
			);
			runOnlyForDeploymentPostprocessing = 0;
		};
/* End PBXFrameworksBuildPhase section */

/* Begin PBXGroup section */
		3319230057E3BF0DB74B2FF4 /* Frameworks */ = {
			isa = PBXGroup;
			children = (
				6271A05030827CDD5ECE1542 /* Pods_OfftheGrid.framework */,
				4E057B173C93B538D8906497 /* Pods_OfftheGridTests.framework */,
				45632C8F7117505E31309E89 /* Pods_OfftheGridUITests.framework */,
			);
			name = Frameworks;
			sourceTree = "<group>";
		};
		40FB0D7826E3965342EF33D9 /* Pods */ = {
			isa = PBXGroup;
			children = (
				548A9CBC8CFDBB37854F78AC /* Pods-OfftheGrid.debug.xcconfig */,
				2BE063EA8ABA8D9318AA3FF4 /* Pods-OfftheGrid.release.xcconfig */,
				8CE9553DE21A04C8525A9CD5 /* Pods-OfftheGridTests.debug.xcconfig */,
				5FB3F6CAD799D8EA4BE79C2A /* Pods-OfftheGridTests.release.xcconfig */,
				63924CF327B0AD7BCC5333E3 /* Pods-OfftheGridUITests.debug.xcconfig */,
				3E0CC2B55A8F98C626C62C85 /* Pods-OfftheGridUITests.release.xcconfig */,
			);
			name = Pods;
			sourceTree = "<group>";
		};
		B0018186208734EA0068C996 = {
			isa = PBXGroup;
			children = (
				B0018191208734EA0068C996 /* OfftheGrid */,
				B00181A9208734EC0068C996 /* OfftheGridTests */,
				B00181B4208734ED0068C996 /* OfftheGridUITests */,
				B0018190208734EA0068C996 /* Products */,
				40FB0D7826E3965342EF33D9 /* Pods */,
				3319230057E3BF0DB74B2FF4 /* Frameworks */,
			);
			sourceTree = "<group>";
		};
		B0018190208734EA0068C996 /* Products */ = {
			isa = PBXGroup;
			children = (
				B001818F208734EA0068C996 /* OfftheGrid.app */,
				B00181A6208734EC0068C996 /* OfftheGridTests.xctest */,
				B00181B1208734ED0068C996 /* OfftheGridUITests.xctest */,
			);
			name = Products;
			sourceTree = "<group>";
		};
		B0018191208734EA0068C996 /* OfftheGrid */ = {
			isa = PBXGroup;
			children = (
				B00181C3208735320068C996 /* GoogleService-Info.plist */,
				B0018192208734EA0068C996 /* AppDelegate.swift */,
				B086299020995A5D0047D6E2 /* CurrentUser.swift */,
				B086298A2099123B0047D6E2 /* Post.swift */,
				B086298C20991D430047D6E2 /* MapPin.swift */,
				B0018194208734EA0068C996 /* ViewController.swift */,
				B0842701208D88060089A65C /* LoginViewController.swift */,
				B00440712099A7E0006416FB /* NewPostController.swift */,
				B08629922099A54A0047D6E2 /* PostFeed.swift */,
				B0044075209A121A006416FB /* PlaceData.swift */,
				B086298E209925570047D6E2 /* MapViewController.swift */,
				B00440732099C84D006416FB /* SearchViewController.swift */,
				B00181C720873A510068C996 /* SignupViewController.swift */,
				B0018196208734EA0068C996 /* Main.storyboard */,
				B001819C208734EC0068C996 /* Assets.xcassets */,
				B001819E208734EC0068C996 /* LaunchScreen.storyboard */,
				B00181A1208734EC0068C996 /* Info.plist */,
				B0018199208734EA0068C996 /* OfftheGrid.xcdatamodeld */,
				B0044077209A2F9C006416FB /* style.json */,
			);
			path = OfftheGrid;
			sourceTree = "<group>";
		};
		B00181A9208734EC0068C996 /* OfftheGridTests */ = {
			isa = PBXGroup;
			children = (
				B00181AA208734EC0068C996 /* OfftheGridTests.swift */,
				B00181AC208734EC0068C996 /* Info.plist */,
			);
			path = OfftheGridTests;
			sourceTree = "<group>";
		};
		B00181B4208734ED0068C996 /* OfftheGridUITests */ = {
			isa = PBXGroup;
			children = (
				B00181B5208734ED0068C996 /* OfftheGridUITests.swift */,
				B00181B7208734ED0068C996 /* Info.plist */,
			);
			path = OfftheGridUITests;
			sourceTree = "<group>";
		};
/* End PBXGroup section */

/* Begin PBXNativeTarget section */
		B001818E208734EA0068C996 /* OfftheGrid */ = {
			isa = PBXNativeTarget;
			buildConfigurationList = B00181BA208734ED0068C996 /* Build configuration list for PBXNativeTarget "OfftheGrid" */;
			buildPhases = (
				C92BB5BD3E7375877D2587E3 /* [CP] Check Pods Manifest.lock */,
				B001818B208734EA0068C996 /* Sources */,
				B001818C208734EA0068C996 /* Frameworks */,
				B001818D208734EA0068C996 /* Resources */,
				9BA4E3CDFAB29655311CE32E /* [CP] Embed Pods Frameworks */,
				A3E1D12B4C814802EF57BF79 /* [CP] Copy Pods Resources */,
			);
			buildRules = (
			);
			dependencies = (
			);
			name = OfftheGrid;
			productName = OfftheGrid;
			productReference = B001818F208734EA0068C996 /* OfftheGrid.app */;
			productType = "com.apple.product-type.application";
		};
		B00181A5208734EC0068C996 /* OfftheGridTests */ = {
			isa = PBXNativeTarget;
			buildConfigurationList = B00181BD208734ED0068C996 /* Build configuration list for PBXNativeTarget "OfftheGridTests" */;
			buildPhases = (
				A79DD1C60D9E602BD2ECD478 /* [CP] Check Pods Manifest.lock */,
				B00181A2208734EC0068C996 /* Sources */,
				B00181A3208734EC0068C996 /* Frameworks */,
				B00181A4208734EC0068C996 /* Resources */,
			);
			buildRules = (
			);
			dependencies = (
				B00181A8208734EC0068C996 /* PBXTargetDependency */,
			);
			name = OfftheGridTests;
			productName = OfftheGridTests;
			productReference = B00181A6208734EC0068C996 /* OfftheGridTests.xctest */;
			productType = "com.apple.product-type.bundle.unit-test";
		};
		B00181B0208734ED0068C996 /* OfftheGridUITests */ = {
			isa = PBXNativeTarget;
			buildConfigurationList = B00181C0208734ED0068C996 /* Build configuration list for PBXNativeTarget "OfftheGridUITests" */;
			buildPhases = (
				36A707C60733055DAA8FA41D /* [CP] Check Pods Manifest.lock */,
				B00181AD208734ED0068C996 /* Sources */,
				B00181AE208734ED0068C996 /* Frameworks */,
				B00181AF208734ED0068C996 /* Resources */,
			);
			buildRules = (
			);
			dependencies = (
				B00181B3208734ED0068C996 /* PBXTargetDependency */,
			);
			name = OfftheGridUITests;
			productName = OfftheGridUITests;
			productReference = B00181B1208734ED0068C996 /* OfftheGridUITests.xctest */;
			productType = "com.apple.product-type.bundle.ui-testing";
		};
/* End PBXNativeTarget section */

/* Begin PBXProject section */
		B0018187208734EA0068C996 /* Project object */ = {
			isa = PBXProject;
			attributes = {
				LastSwiftUpdateCheck = 0930;
				LastUpgradeCheck = 0930;
				ORGANIZATIONNAME = "iOS DeCal";
				TargetAttributes = {
					B001818E208734EA0068C996 = {
						CreatedOnToolsVersion = 9.3;
					};
					B00181A5208734EC0068C996 = {
						CreatedOnToolsVersion = 9.3;
						TestTargetID = B001818E208734EA0068C996;
					};
					B00181B0208734ED0068C996 = {
						CreatedOnToolsVersion = 9.3;
						TestTargetID = B001818E208734EA0068C996;
					};
				};
			};
			buildConfigurationList = B001818A208734EA0068C996 /* Build configuration list for PBXProject "OfftheGrid" */;
			compatibilityVersion = "Xcode 9.3";
			developmentRegion = en;
			hasScannedForEncodings = 0;
			knownRegions = (
				en,
				Base,
			);
			mainGroup = B0018186208734EA0068C996;
			productRefGroup = B0018190208734EA0068C996 /* Products */;
			projectDirPath = "";
			projectRoot = "";
			targets = (
				B001818E208734EA0068C996 /* OfftheGrid */,
				B00181A5208734EC0068C996 /* OfftheGridTests */,
				B00181B0208734ED0068C996 /* OfftheGridUITests */,
			);
		};
/* End PBXProject section */

/* Begin PBXResourcesBuildPhase section */
		B001818D208734EA0068C996 /* Resources */ = {
			isa = PBXResourcesBuildPhase;
			buildActionMask = 2147483647;
			files = (
				B00181A0208734EC0068C996 /* LaunchScreen.storyboard in Resources */,
				B00181C4208735330068C996 /* GoogleService-Info.plist in Resources */,
				B001819D208734EC0068C996 /* Assets.xcassets in Resources */,
				B0044078209A2F9C006416FB /* style.json in Resources */,
				B0018198208734EA0068C996 /* Main.storyboard in Resources */,
			);
			runOnlyForDeploymentPostprocessing = 0;
		};
		B00181A4208734EC0068C996 /* Resources */ = {
			isa = PBXResourcesBuildPhase;
			buildActionMask = 2147483647;
			files = (
			);
			runOnlyForDeploymentPostprocessing = 0;
		};
		B00181AF208734ED0068C996 /* Resources */ = {
			isa = PBXResourcesBuildPhase;
			buildActionMask = 2147483647;
			files = (
			);
			runOnlyForDeploymentPostprocessing = 0;
		};
/* End PBXResourcesBuildPhase section */

/* Begin PBXShellScriptBuildPhase section */
		36A707C60733055DAA8FA41D /* [CP] Check Pods Manifest.lock */ = {
			isa = PBXShellScriptBuildPhase;
			buildActionMask = 2147483647;
			files = (
			);
			inputPaths = (
				"${PODS_PODFILE_DIR_PATH}/Podfile.lock",
				"${PODS_ROOT}/Manifest.lock",
			);
			name = "[CP] Check Pods Manifest.lock";
			outputPaths = (
				"$(DERIVED_FILE_DIR)/Pods-OfftheGridUITests-checkManifestLockResult.txt",
			);
			runOnlyForDeploymentPostprocessing = 0;
			shellPath = /bin/sh;
			shellScript = "diff \"${PODS_PODFILE_DIR_PATH}/Podfile.lock\" \"${PODS_ROOT}/Manifest.lock\" > /dev/null\nif [ $? != 0 ] ; then\n    # print error to STDERR\n    echo \"error: The sandbox is not in sync with the Podfile.lock. Run 'pod install' or update your CocoaPods installation.\" >&2\n    exit 1\nfi\n# This output is used by Xcode 'outputs' to avoid re-running this script phase.\necho \"SUCCESS\" > \"${SCRIPT_OUTPUT_FILE_0}\"\n";
			showEnvVarsInLog = 0;
		};
		9BA4E3CDFAB29655311CE32E /* [CP] Embed Pods Frameworks */ = {
			isa = PBXShellScriptBuildPhase;
			buildActionMask = 2147483647;
			files = (
			);
			inputPaths = (
				"${SRCROOT}/Pods/Target Support Files/Pods-OfftheGrid/Pods-OfftheGrid-frameworks.sh",
				"${BUILT_PRODUCTS_DIR}/GTMSessionFetcher/GTMSessionFetcher.framework",
				"${BUILT_PRODUCTS_DIR}/GoogleToolboxForMac/GoogleToolboxForMac.framework",
				"${BUILT_PRODUCTS_DIR}/MBProgressHUD/MBProgressHUD.framework",
				"${BUILT_PRODUCTS_DIR}/SDWebImage/SDWebImage.framework",
				"${BUILT_PRODUCTS_DIR}/leveldb-library/leveldb.framework",
				"${BUILT_PRODUCTS_DIR}/nanopb/nanopb.framework",
			);
			name = "[CP] Embed Pods Frameworks";
			outputPaths = (
				"${TARGET_BUILD_DIR}/${FRAMEWORKS_FOLDER_PATH}/GTMSessionFetcher.framework",
				"${TARGET_BUILD_DIR}/${FRAMEWORKS_FOLDER_PATH}/GoogleToolboxForMac.framework",
				"${TARGET_BUILD_DIR}/${FRAMEWORKS_FOLDER_PATH}/MBProgressHUD.framework",
				"${TARGET_BUILD_DIR}/${FRAMEWORKS_FOLDER_PATH}/SDWebImage.framework",
				"${TARGET_BUILD_DIR}/${FRAMEWORKS_FOLDER_PATH}/leveldb.framework",
				"${TARGET_BUILD_DIR}/${FRAMEWORKS_FOLDER_PATH}/nanopb.framework",
			);
			runOnlyForDeploymentPostprocessing = 0;
			shellPath = /bin/sh;
			shellScript = "\"${SRCROOT}/Pods/Target Support Files/Pods-OfftheGrid/Pods-OfftheGrid-frameworks.sh\"\n";
			showEnvVarsInLog = 0;
		};
		A3E1D12B4C814802EF57BF79 /* [CP] Copy Pods Resources */ = {
			isa = PBXShellScriptBuildPhase;
			buildActionMask = 2147483647;
			files = (
			);
			inputPaths = (
				"${SRCROOT}/Pods/Target Support Files/Pods-OfftheGrid/Pods-OfftheGrid-resources.sh",
				"${PODS_ROOT}/GoogleMaps/Maps/Frameworks/GoogleMaps.framework/Resources/GoogleMaps.bundle",
				"${PODS_ROOT}/GooglePlaces/Frameworks/GooglePlaces.framework/Resources/GooglePlaces.bundle",
			);
			name = "[CP] Copy Pods Resources";
			outputPaths = (
				"${TARGET_BUILD_DIR}/${UNLOCALIZED_RESOURCES_FOLDER_PATH}/GoogleMaps.bundle",
				"${TARGET_BUILD_DIR}/${UNLOCALIZED_RESOURCES_FOLDER_PATH}/GooglePlaces.bundle",
			);
			runOnlyForDeploymentPostprocessing = 0;
			shellPath = /bin/sh;
			shellScript = "\"${SRCROOT}/Pods/Target Support Files/Pods-OfftheGrid/Pods-OfftheGrid-resources.sh\"\n";
			showEnvVarsInLog = 0;
		};
		A79DD1C60D9E602BD2ECD478 /* [CP] Check Pods Manifest.lock */ = {
			isa = PBXShellScriptBuildPhase;
			buildActionMask = 2147483647;
			files = (
			);
			inputPaths = (
				"${PODS_PODFILE_DIR_PATH}/Podfile.lock",
				"${PODS_ROOT}/Manifest.lock",
			);
			name = "[CP] Check Pods Manifest.lock";
			outputPaths = (
				"$(DERIVED_FILE_DIR)/Pods-OfftheGridTests-checkManifestLockResult.txt",
			);
			runOnlyForDeploymentPostprocessing = 0;
			shellPath = /bin/sh;
			shellScript = "diff \"${PODS_PODFILE_DIR_PATH}/Podfile.lock\" \"${PODS_ROOT}/Manifest.lock\" > /dev/null\nif [ $? != 0 ] ; then\n    # print error to STDERR\n    echo \"error: The sandbox is not in sync with the Podfile.lock. Run 'pod install' or update your CocoaPods installation.\" >&2\n    exit 1\nfi\n# This output is used by Xcode 'outputs' to avoid re-running this script phase.\necho \"SUCCESS\" > \"${SCRIPT_OUTPUT_FILE_0}\"\n";
			showEnvVarsInLog = 0;
		};
		C92BB5BD3E7375877D2587E3 /* [CP] Check Pods Manifest.lock */ = {
			isa = PBXShellScriptBuildPhase;
			buildActionMask = 2147483647;
			files = (
			);
			inputPaths = (
				"${PODS_PODFILE_DIR_PATH}/Podfile.lock",
				"${PODS_ROOT}/Manifest.lock",
			);
			name = "[CP] Check Pods Manifest.lock";
			outputPaths = (
				"$(DERIVED_FILE_DIR)/Pods-OfftheGrid-checkManifestLockResult.txt",
			);
			runOnlyForDeploymentPostprocessing = 0;
			shellPath = /bin/sh;
			shellScript = "diff \"${PODS_PODFILE_DIR_PATH}/Podfile.lock\" \"${PODS_ROOT}/Manifest.lock\" > /dev/null\nif [ $? != 0 ] ; then\n    # print error to STDERR\n    echo \"error: The sandbox is not in sync with the Podfile.lock. Run 'pod install' or update your CocoaPods installation.\" >&2\n    exit 1\nfi\n# This output is used by Xcode 'outputs' to avoid re-running this script phase.\necho \"SUCCESS\" > \"${SCRIPT_OUTPUT_FILE_0}\"\n";
			showEnvVarsInLog = 0;
		};
/* End PBXShellScriptBuildPhase section */

/* Begin PBXSourcesBuildPhase section */
		B001818B208734EA0068C996 /* Sources */ = {
			isa = PBXSourcesBuildPhase;
			buildActionMask = 2147483647;
			files = (
				B0842702208D88060089A65C /* LoginViewController.swift in Sources */,
				B0018195208734EA0068C996 /* ViewController.swift in Sources */,
				B086298D20991D430047D6E2 /* MapPin.swift in Sources */,
				B0044076209A121A006416FB /* PlaceData.swift in Sources */,
				B08629932099A54A0047D6E2 /* PostFeed.swift in Sources */,
				B0018193208734EA0068C996 /* AppDelegate.swift in Sources */,
				B086298B2099123B0047D6E2 /* Post.swift in Sources */,
				B00440742099C84D006416FB /* SearchViewController.swift in Sources */,
				B00181C820873A510068C996 /* SignupViewController.swift in Sources */,
				B001819B208734EA0068C996 /* OfftheGrid.xcdatamodeld in Sources */,
				B086299120995A5D0047D6E2 /* CurrentUser.swift in Sources */,
				B086298F209925570047D6E2 /* MapViewController.swift in Sources */,
				B00440722099A7E0006416FB /* NewPostController.swift in Sources */,
			);
			runOnlyForDeploymentPostprocessing = 0;
		};
		B00181A2208734EC0068C996 /* Sources */ = {
			isa = PBXSourcesBuildPhase;
			buildActionMask = 2147483647;
			files = (
				B00181AB208734EC0068C996 /* OfftheGridTests.swift in Sources */,
			);
			runOnlyForDeploymentPostprocessing = 0;
		};
		B00181AD208734ED0068C996 /* Sources */ = {
			isa = PBXSourcesBuildPhase;
			buildActionMask = 2147483647;
			files = (
				B00181B6208734ED0068C996 /* OfftheGridUITests.swift in Sources */,
			);
			runOnlyForDeploymentPostprocessing = 0;
		};
/* End PBXSourcesBuildPhase section */

/* Begin PBXTargetDependency section */
		B00181A8208734EC0068C996 /* PBXTargetDependency */ = {
			isa = PBXTargetDependency;
			target = B001818E208734EA0068C996 /* OfftheGrid */;
			targetProxy = B00181A7208734EC0068C996 /* PBXContainerItemProxy */;
		};
		B00181B3208734ED0068C996 /* PBXTargetDependency */ = {
			isa = PBXTargetDependency;
			target = B001818E208734EA0068C996 /* OfftheGrid */;
			targetProxy = B00181B2208734ED0068C996 /* PBXContainerItemProxy */;
		};
/* End PBXTargetDependency section */

/* Begin PBXVariantGroup section */
		B0018196208734EA0068C996 /* Main.storyboard */ = {
			isa = PBXVariantGroup;
			children = (
				B0018197208734EA0068C996 /* Base */,
			);
			name = Main.storyboard;
			sourceTree = "<group>";
		};
		B001819E208734EC0068C996 /* LaunchScreen.storyboard */ = {
			isa = PBXVariantGroup;
			children = (
				B001819F208734EC0068C996 /* Base */,
			);
			name = LaunchScreen.storyboard;
			sourceTree = "<group>";
		};
/* End PBXVariantGroup section */

/* Begin XCBuildConfiguration section */
		B00181B8208734ED0068C996 /* Debug */ = {
			isa = XCBuildConfiguration;
			buildSettings = {
				ALWAYS_SEARCH_USER_PATHS = NO;
				CLANG_ANALYZER_NONNULL = YES;
				CLANG_ANALYZER_NUMBER_OBJECT_CONVERSION = YES_AGGRESSIVE;
				CLANG_CXX_LANGUAGE_STANDARD = "gnu++14";
				CLANG_CXX_LIBRARY = "libc++";
				CLANG_ENABLE_MODULES = YES;
				CLANG_ENABLE_OBJC_ARC = YES;
				CLANG_ENABLE_OBJC_WEAK = YES;
				CLANG_WARN_BLOCK_CAPTURE_AUTORELEASING = YES;
				CLANG_WARN_BOOL_CONVERSION = YES;
				CLANG_WARN_COMMA = YES;
				CLANG_WARN_CONSTANT_CONVERSION = YES;
				CLANG_WARN_DEPRECATED_OBJC_IMPLEMENTATIONS = YES;
				CLANG_WARN_DIRECT_OBJC_ISA_USAGE = YES_ERROR;
				CLANG_WARN_DOCUMENTATION_COMMENTS = YES;
				CLANG_WARN_EMPTY_BODY = YES;
				CLANG_WARN_ENUM_CONVERSION = YES;
				CLANG_WARN_INFINITE_RECURSION = YES;
				CLANG_WARN_INT_CONVERSION = YES;
				CLANG_WARN_NON_LITERAL_NULL_CONVERSION = YES;
				CLANG_WARN_OBJC_IMPLICIT_RETAIN_SELF = YES;
				CLANG_WARN_OBJC_LITERAL_CONVERSION = YES;
				CLANG_WARN_OBJC_ROOT_CLASS = YES_ERROR;
				CLANG_WARN_RANGE_LOOP_ANALYSIS = YES;
				CLANG_WARN_STRICT_PROTOTYPES = YES;
				CLANG_WARN_SUSPICIOUS_MOVE = YES;
				CLANG_WARN_UNGUARDED_AVAILABILITY = YES_AGGRESSIVE;
				CLANG_WARN_UNREACHABLE_CODE = YES;
				CLANG_WARN__DUPLICATE_METHOD_MATCH = YES;
				CODE_SIGN_IDENTITY = "iPhone Developer";
				COPY_PHASE_STRIP = NO;
				DEBUG_INFORMATION_FORMAT = dwarf;
				ENABLE_STRICT_OBJC_MSGSEND = YES;
				ENABLE_TESTABILITY = YES;
				GCC_C_LANGUAGE_STANDARD = gnu11;
				GCC_DYNAMIC_NO_PIC = NO;
				GCC_NO_COMMON_BLOCKS = YES;
				GCC_OPTIMIZATION_LEVEL = 0;
				GCC_PREPROCESSOR_DEFINITIONS = (
					"DEBUG=1",
					"$(inherited)",
				);
				GCC_WARN_64_TO_32_BIT_CONVERSION = YES;
				GCC_WARN_ABOUT_RETURN_TYPE = YES_ERROR;
				GCC_WARN_UNDECLARED_SELECTOR = YES;
				GCC_WARN_UNINITIALIZED_AUTOS = YES_AGGRESSIVE;
				GCC_WARN_UNUSED_FUNCTION = YES;
				GCC_WARN_UNUSED_VARIABLE = YES;
				IPHONEOS_DEPLOYMENT_TARGET = 11.3;
				MTL_ENABLE_DEBUG_INFO = YES;
				ONLY_ACTIVE_ARCH = YES;
				SDKROOT = iphoneos;
				SWIFT_ACTIVE_COMPILATION_CONDITIONS = DEBUG;
				SWIFT_OPTIMIZATION_LEVEL = "-Onone";
			};
			name = Debug;
		};
		B00181B9208734ED0068C996 /* Release */ = {
			isa = XCBuildConfiguration;
			buildSettings = {
				ALWAYS_SEARCH_USER_PATHS = NO;
				CLANG_ANALYZER_NONNULL = YES;
				CLANG_ANALYZER_NUMBER_OBJECT_CONVERSION = YES_AGGRESSIVE;
				CLANG_CXX_LANGUAGE_STANDARD = "gnu++14";
				CLANG_CXX_LIBRARY = "libc++";
				CLANG_ENABLE_MODULES = YES;
				CLANG_ENABLE_OBJC_ARC = YES;
				CLANG_ENABLE_OBJC_WEAK = YES;
				CLANG_WARN_BLOCK_CAPTURE_AUTORELEASING = YES;
				CLANG_WARN_BOOL_CONVERSION = YES;
				CLANG_WARN_COMMA = YES;
				CLANG_WARN_CONSTANT_CONVERSION = YES;
				CLANG_WARN_DEPRECATED_OBJC_IMPLEMENTATIONS = YES;
				CLANG_WARN_DIRECT_OBJC_ISA_USAGE = YES_ERROR;
				CLANG_WARN_DOCUMENTATION_COMMENTS = YES;
				CLANG_WARN_EMPTY_BODY = YES;
				CLANG_WARN_ENUM_CONVERSION = YES;
				CLANG_WARN_INFINITE_RECURSION = YES;
				CLANG_WARN_INT_CONVERSION = YES;
				CLANG_WARN_NON_LITERAL_NULL_CONVERSION = YES;
				CLANG_WARN_OBJC_IMPLICIT_RETAIN_SELF = YES;
				CLANG_WARN_OBJC_LITERAL_CONVERSION = YES;
				CLANG_WARN_OBJC_ROOT_CLASS = YES_ERROR;
				CLANG_WARN_RANGE_LOOP_ANALYSIS = YES;
				CLANG_WARN_STRICT_PROTOTYPES = YES;
				CLANG_WARN_SUSPICIOUS_MOVE = YES;
				CLANG_WARN_UNGUARDED_AVAILABILITY = YES_AGGRESSIVE;
				CLANG_WARN_UNREACHABLE_CODE = YES;
				CLANG_WARN__DUPLICATE_METHOD_MATCH = YES;
				CODE_SIGN_IDENTITY = "iPhone Developer";
				COPY_PHASE_STRIP = NO;
				DEBUG_INFORMATION_FORMAT = "dwarf-with-dsym";
				ENABLE_NS_ASSERTIONS = NO;
				ENABLE_STRICT_OBJC_MSGSEND = YES;
				GCC_C_LANGUAGE_STANDARD = gnu11;
				GCC_NO_COMMON_BLOCKS = YES;
				GCC_WARN_64_TO_32_BIT_CONVERSION = YES;
				GCC_WARN_ABOUT_RETURN_TYPE = YES_ERROR;
				GCC_WARN_UNDECLARED_SELECTOR = YES;
				GCC_WARN_UNINITIALIZED_AUTOS = YES_AGGRESSIVE;
				GCC_WARN_UNUSED_FUNCTION = YES;
				GCC_WARN_UNUSED_VARIABLE = YES;
				IPHONEOS_DEPLOYMENT_TARGET = 11.3;
				MTL_ENABLE_DEBUG_INFO = NO;
				SDKROOT = iphoneos;
				SWIFT_COMPILATION_MODE = wholemodule;
				SWIFT_OPTIMIZATION_LEVEL = "-O";
				VALIDATE_PRODUCT = YES;
			};
			name = Release;
		};
		B00181BB208734ED0068C996 /* Debug */ = {
			isa = XCBuildConfiguration;
			baseConfigurationReference = 548A9CBC8CFDBB37854F78AC /* Pods-OfftheGrid.debug.xcconfig */;
			buildSettings = {
				ASSETCATALOG_COMPILER_APPICON_NAME = AppIcon;
				CODE_SIGN_STYLE = Automatic;
				DEVELOPMENT_TEAM = 8F4HAPMXNR;
				INFOPLIST_FILE = OfftheGrid/Info.plist;
				IPHONEOS_DEPLOYMENT_TARGET = 11.0;
				LD_RUNPATH_SEARCH_PATHS = (
					"$(inherited)",
					"@executable_path/Frameworks",
				);
				PRODUCT_BUNDLE_IDENTIFIER = com.yerasi.OfftheGrid;
				PRODUCT_NAME = "$(TARGET_NAME)";
				SWIFT_VERSION = 4.0;
				TARGETED_DEVICE_FAMILY = "1,2";
			};
			name = Debug;
		};
		B00181BC208734ED0068C996 /* Release */ = {
			isa = XCBuildConfiguration;
			baseConfigurationReference = 2BE063EA8ABA8D9318AA3FF4 /* Pods-OfftheGrid.release.xcconfig */;
			buildSettings = {
				ASSETCATALOG_COMPILER_APPICON_NAME = AppIcon;
				CODE_SIGN_STYLE = Automatic;
				DEVELOPMENT_TEAM = 8F4HAPMXNR;
				INFOPLIST_FILE = OfftheGrid/Info.plist;
				IPHONEOS_DEPLOYMENT_TARGET = 11.0;
				LD_RUNPATH_SEARCH_PATHS = (
					"$(inherited)",
					"@executable_path/Frameworks",
				);
				PRODUCT_BUNDLE_IDENTIFIER = com.yerasi.OfftheGrid;
				PRODUCT_NAME = "$(TARGET_NAME)";
				SWIFT_VERSION = 4.0;
				TARGETED_DEVICE_FAMILY = "1,2";
			};
			name = Release;
		};
		B00181BE208734ED0068C996 /* Debug */ = {
			isa = XCBuildConfiguration;
			baseConfigurationReference = 8CE9553DE21A04C8525A9CD5 /* Pods-OfftheGridTests.debug.xcconfig */;
			buildSettings = {
				ALWAYS_EMBED_SWIFT_STANDARD_LIBRARIES = YES;
				BUNDLE_LOADER = "$(TEST_HOST)";
				CODE_SIGN_STYLE = Automatic;
				DEVELOPMENT_TEAM = 8F4HAPMXNR;
				INFOPLIST_FILE = OfftheGridTests/Info.plist;
				LD_RUNPATH_SEARCH_PATHS = (
					"$(inherited)",
					"@executable_path/Frameworks",
					"@loader_path/Frameworks",
				);
				PRODUCT_BUNDLE_IDENTIFIER = com.yerasi.OfftheGridTests;
				PRODUCT_NAME = "$(TARGET_NAME)";
				SWIFT_VERSION = 4.0;
				TARGETED_DEVICE_FAMILY = "1,2";
				TEST_HOST = "$(BUILT_PRODUCTS_DIR)/OfftheGrid.app/OfftheGrid";
			};
			name = Debug;
		};
		B00181BF208734ED0068C996 /* Release */ = {
			isa = XCBuildConfiguration;
			baseConfigurationReference = 5FB3F6CAD799D8EA4BE79C2A /* Pods-OfftheGridTests.release.xcconfig */;
			buildSettings = {
				ALWAYS_EMBED_SWIFT_STANDARD_LIBRARIES = YES;
				BUNDLE_LOADER = "$(TEST_HOST)";
				CODE_SIGN_STYLE = Automatic;
				DEVELOPMENT_TEAM = 8F4HAPMXNR;
				INFOPLIST_FILE = OfftheGridTests/Info.plist;
				LD_RUNPATH_SEARCH_PATHS = (
					"$(inherited)",
					"@executable_path/Frameworks",
					"@loader_path/Frameworks",
				);
				PRODUCT_BUNDLE_IDENTIFIER = com.yerasi.OfftheGridTests;
				PRODUCT_NAME = "$(TARGET_NAME)";
				SWIFT_VERSION = 4.0;
				TARGETED_DEVICE_FAMILY = "1,2";
				TEST_HOST = "$(BUILT_PRODUCTS_DIR)/OfftheGrid.app/OfftheGrid";
			};
			name = Release;
		};
		B00181C1208734ED0068C996 /* Debug */ = {
			isa = XCBuildConfiguration;
			baseConfigurationReference = 63924CF327B0AD7BCC5333E3 /* Pods-OfftheGridUITests.debug.xcconfig */;
			buildSettings = {
				ALWAYS_EMBED_SWIFT_STANDARD_LIBRARIES = YES;
				CODE_SIGN_STYLE = Automatic;
				DEVELOPMENT_TEAM = 8F4HAPMXNR;
				INFOPLIST_FILE = OfftheGridUITests/Info.plist;
				LD_RUNPATH_SEARCH_PATHS = (
					"$(inherited)",
					"@executable_path/Frameworks",
					"@loader_path/Frameworks",
				);
				PRODUCT_BUNDLE_IDENTIFIER = com.yerasi.OfftheGridUITests;
				PRODUCT_NAME = "$(TARGET_NAME)";
				SWIFT_VERSION = 4.0;
				TARGETED_DEVICE_FAMILY = "1,2";
				TEST_TARGET_NAME = OfftheGrid;
			};
			name = Debug;
		};
		B00181C2208734ED0068C996 /* Release */ = {
			isa = XCBuildConfiguration;
			baseConfigurationReference = 3E0CC2B55A8F98C626C62C85 /* Pods-OfftheGridUITests.release.xcconfig */;
			buildSettings = {
				ALWAYS_EMBED_SWIFT_STANDARD_LIBRARIES = YES;
				CODE_SIGN_STYLE = Automatic;
				DEVELOPMENT_TEAM = 8F4HAPMXNR;
				INFOPLIST_FILE = OfftheGridUITests/Info.plist;
				LD_RUNPATH_SEARCH_PATHS = (
					"$(inherited)",
					"@executable_path/Frameworks",
					"@loader_path/Frameworks",
				);
				PRODUCT_BUNDLE_IDENTIFIER = com.yerasi.OfftheGridUITests;
				PRODUCT_NAME = "$(TARGET_NAME)";
				SWIFT_VERSION = 4.0;
				TARGETED_DEVICE_FAMILY = "1,2";
				TEST_TARGET_NAME = OfftheGrid;
			};
			name = Release;
		};
/* End XCBuildConfiguration section */

/* Begin XCConfigurationList section */
		B001818A208734EA0068C996 /* Build configuration list for PBXProject "OfftheGrid" */ = {
			isa = XCConfigurationList;
			buildConfigurations = (
				B00181B8208734ED0068C996 /* Debug */,
				B00181B9208734ED0068C996 /* Release */,
			);
			defaultConfigurationIsVisible = 0;
			defaultConfigurationName = Release;
		};
		B00181BA208734ED0068C996 /* Build configuration list for PBXNativeTarget "OfftheGrid" */ = {
			isa = XCConfigurationList;
			buildConfigurations = (
				B00181BB208734ED0068C996 /* Debug */,
				B00181BC208734ED0068C996 /* Release */,
			);
			defaultConfigurationIsVisible = 0;
			defaultConfigurationName = Release;
		};
		B00181BD208734ED0068C996 /* Build configuration list for PBXNativeTarget "OfftheGridTests" */ = {
			isa = XCConfigurationList;
			buildConfigurations = (
				B00181BE208734ED0068C996 /* Debug */,
				B00181BF208734ED0068C996 /* Release */,
			);
			defaultConfigurationIsVisible = 0;
			defaultConfigurationName = Release;
		};
		B00181C0208734ED0068C996 /* Build configuration list for PBXNativeTarget "OfftheGridUITests" */ = {
			isa = XCConfigurationList;
			buildConfigurations = (
				B00181C1208734ED0068C996 /* Debug */,
				B00181C2208734ED0068C996 /* Release */,
			);
			defaultConfigurationIsVisible = 0;
			defaultConfigurationName = Release;
		};
/* End XCConfigurationList section */

/* Begin XCVersionGroup section */
		B0018199208734EA0068C996 /* OfftheGrid.xcdatamodeld */ = {
			isa = XCVersionGroup;
			children = (
				B001819A208734EA0068C996 /* OfftheGrid.xcdatamodel */,
			);
			currentVersion = B001819A208734EA0068C996 /* OfftheGrid.xcdatamodel */;
			path = OfftheGrid.xcdatamodeld;
			sourceTree = "<group>";
			versionGroupType = wrapper.xcdatamodel;
		};
/* End XCVersionGroup section */
	};
	rootObject = B0018187208734EA0068C996 /* Project object */;
}
